// !$*UTF8*$!
{
	archiveVersion = 1;
	classes = {
	};
	objectVersion = 48;
	objects = {

/* Begin PBXBuildFile section */
		3224090E1F0E8C530076B990 /* Reachability.swift in Sources */ = {isa = PBXBuildFile; fileRef = 3224090D1F0E8C530076B990 /* Reachability.swift */; };
		323CA28F1EFA955E008EBF0D /* Slide.xib in Resources */ = {isa = PBXBuildFile; fileRef = 323CA28E1EFA955E008EBF0D /* Slide.xib */; };
		323CA2911EFA958A008EBF0D /* Slide.swift in Sources */ = {isa = PBXBuildFile; fileRef = 323CA2901EFA958A008EBF0D /* Slide.swift */; };
		32544F671EF07AB60040BF4E /* AppDelegate.swift in Sources */ = {isa = PBXBuildFile; fileRef = 32544F661EF07AB60040BF4E /* AppDelegate.swift */; };
		32544F691EF07AB60040BF4E /* ViewController.swift in Sources */ = {isa = PBXBuildFile; fileRef = 32544F681EF07AB60040BF4E /* ViewController.swift */; };
		32544F6C1EF07AB60040BF4E /* Main.storyboard in Resources */ = {isa = PBXBuildFile; fileRef = 32544F6A1EF07AB60040BF4E /* Main.storyboard */; };
		32544F6E1EF07AB60040BF4E /* Assets.xcassets in Resources */ = {isa = PBXBuildFile; fileRef = 32544F6D1EF07AB60040BF4E /* Assets.xcassets */; };
		32544F711EF07AB60040BF4E /* LaunchScreen.storyboard in Resources */ = {isa = PBXBuildFile; fileRef = 32544F6F1EF07AB60040BF4E /* LaunchScreen.storyboard */; };
		32B84CCD1EF1C95600BAFF55 /* Constants.swift in Sources */ = {isa = PBXBuildFile; fileRef = 32B84CCC1EF1C95600BAFF55 /* Constants.swift */; };
		32B84CCF1EF1CB0300BAFF55 /* WeatherData.swift in Sources */ = {isa = PBXBuildFile; fileRef = 32B84CCE1EF1CB0300BAFF55 /* WeatherData.swift */; };
		32B84CD11EF1D1CC00BAFF55 /* WeatherDownloader.swift in Sources */ = {isa = PBXBuildFile; fileRef = 32B84CD01EF1D1CC00BAFF55 /* WeatherDownloader.swift */; };
		68795DDFB16A7958B243D607 /* Pods_WeatherApp.framework in Frameworks */ = {isa = PBXBuildFile; fileRef = 0B7EF975147F6F4B9F460B24 /* Pods_WeatherApp.framework */; };
/* End PBXBuildFile section */

/* Begin PBXFileReference section */
		0B7EF975147F6F4B9F460B24 /* Pods_WeatherApp.framework */ = {isa = PBXFileReference; explicitFileType = wrapper.framework; includeInIndex = 0; path = Pods_WeatherApp.framework; sourceTree = BUILT_PRODUCTS_DIR; };
		3224090D1F0E8C530076B990 /* Reachability.swift */ = {isa = PBXFileReference; lastKnownFileType = sourcecode.swift; path = Reachability.swift; sourceTree = "<group>"; };
		323CA28E1EFA955E008EBF0D /* Slide.xib */ = {isa = PBXFileReference; lastKnownFileType = file.xib; path = Slide.xib; sourceTree = "<group>"; };
		323CA2901EFA958A008EBF0D /* Slide.swift */ = {isa = PBXFileReference; lastKnownFileType = sourcecode.swift; path = Slide.swift; sourceTree = "<group>"; };
		32544F631EF07AB60040BF4E /* WeatherApp.app */ = {isa = PBXFileReference; explicitFileType = wrapper.application; includeInIndex = 0; path = WeatherApp.app; sourceTree = BUILT_PRODUCTS_DIR; };
		32544F661EF07AB60040BF4E /* AppDelegate.swift */ = {isa = PBXFileReference; lastKnownFileType = sourcecode.swift; path = AppDelegate.swift; sourceTree = "<group>"; };
		32544F681EF07AB60040BF4E /* ViewController.swift */ = {isa = PBXFileReference; lastKnownFileType = sourcecode.swift; path = ViewController.swift; sourceTree = "<group>"; };
		32544F6B1EF07AB60040BF4E /* Base */ = {isa = PBXFileReference; lastKnownFileType = file.storyboard; name = Base; path = Base.lproj/Main.storyboard; sourceTree = "<group>"; };
		32544F6D1EF07AB60040BF4E /* Assets.xcassets */ = {isa = PBXFileReference; lastKnownFileType = folder.assetcatalog; path = Assets.xcassets; sourceTree = "<group>"; };
		32544F701EF07AB60040BF4E /* Base */ = {isa = PBXFileReference; lastKnownFileType = file.storyboard; name = Base; path = Base.lproj/LaunchScreen.storyboard; sourceTree = "<group>"; };
		32544F721EF07AB60040BF4E /* Info.plist */ = {isa = PBXFileReference; lastKnownFileType = text.plist.xml; path = Info.plist; sourceTree = "<group>"; };
		32B84CCC1EF1C95600BAFF55 /* Constants.swift */ = {isa = PBXFileReference; lastKnownFileType = sourcecode.swift; path = Constants.swift; sourceTree = "<group>"; };
		32B84CCE1EF1CB0300BAFF55 /* WeatherData.swift */ = {isa = PBXFileReference; lastKnownFileType = sourcecode.swift; path = WeatherData.swift; sourceTree = "<group>"; };
		32B84CD01EF1D1CC00BAFF55 /* WeatherDownloader.swift */ = {isa = PBXFileReference; lastKnownFileType = sourcecode.swift; path = WeatherDownloader.swift; sourceTree = "<group>"; };
		5ED90921A0D2F12F290CB9BB /* Pods-WeatherApp.debug.xcconfig */ = {isa = PBXFileReference; includeInIndex = 1; lastKnownFileType = text.xcconfig; name = "Pods-WeatherApp.debug.xcconfig"; path = "Pods/Target Support Files/Pods-WeatherApp/Pods-WeatherApp.debug.xcconfig"; sourceTree = "<group>"; };
		F4CCDB033BC630807B31F5F9 /* Pods-WeatherApp.release.xcconfig */ = {isa = PBXFileReference; includeInIndex = 1; lastKnownFileType = text.xcconfig; name = "Pods-WeatherApp.release.xcconfig"; path = "Pods/Target Support Files/Pods-WeatherApp/Pods-WeatherApp.release.xcconfig"; sourceTree = "<group>"; };
/* End PBXFileReference section */

/* Begin PBXFrameworksBuildPhase section */
		32544F601EF07AB60040BF4E /* Frameworks */ = {
			isa = PBXFrameworksBuildPhase;
			buildActionMask = 2147483647;
			files = (
				68795DDFB16A7958B243D607 /* Pods_WeatherApp.framework in Frameworks */,
			);
			runOnlyForDeploymentPostprocessing = 0;
		};
/* End PBXFrameworksBuildPhase section */

/* Begin PBXGroup section */
		0D4D13F53E30795EC3BED25C /* Frameworks */ = {
			isa = PBXGroup;
			children = (
				0B7EF975147F6F4B9F460B24 /* Pods_WeatherApp.framework */,
			);
			name = Frameworks;
			sourceTree = "<group>";
		};
		32544F5A1EF07AB60040BF4E = {
			isa = PBXGroup;
			children = (
				32544F651EF07AB60040BF4E /* WeatherApp */,
				32544F641EF07AB60040BF4E /* Products */,
				A8A8223247D730AA65FCDB51 /* Pods */,
				0D4D13F53E30795EC3BED25C /* Frameworks */,
			);
			sourceTree = "<group>";
		};
		32544F641EF07AB60040BF4E /* Products */ = {
			isa = PBXGroup;
			children = (
				32544F631EF07AB60040BF4E /* WeatherApp.app */,
			);
			name = Products;
			sourceTree = "<group>";
		};
		32544F651EF07AB60040BF4E /* WeatherApp */ = {
			isa = PBXGroup;
			children = (
				32544F661EF07AB60040BF4E /* AppDelegate.swift */,
				32B84CCC1EF1C95600BAFF55 /* Constants.swift */,
				32544F681EF07AB60040BF4E /* ViewController.swift */,
				323CA28E1EFA955E008EBF0D /* Slide.xib */,
				323CA2901EFA958A008EBF0D /* Slide.swift */,
				3224090D1F0E8C530076B990 /* Reachability.swift */,
				32B84CD01EF1D1CC00BAFF55 /* WeatherDownloader.swift */,
				32B84CCE1EF1CB0300BAFF55 /* WeatherData.swift */,
				32544F6A1EF07AB60040BF4E /* Main.storyboard */,
				32544F6D1EF07AB60040BF4E /* Assets.xcassets */,
				32544F6F1EF07AB60040BF4E /* LaunchScreen.storyboard */,
				32544F721EF07AB60040BF4E /* Info.plist */,
			);
			path = WeatherApp;
			sourceTree = "<group>";
		};
		A8A8223247D730AA65FCDB51 /* Pods */ = {
			isa = PBXGroup;
			children = (
				5ED90921A0D2F12F290CB9BB /* Pods-WeatherApp.debug.xcconfig */,
				F4CCDB033BC630807B31F5F9 /* Pods-WeatherApp.release.xcconfig */,
			);
			name = Pods;
			sourceTree = "<group>";
		};
/* End PBXGroup section */

/* Begin PBXNativeTarget section */
		32544F621EF07AB60040BF4E /* WeatherApp */ = {
			isa = PBXNativeTarget;
			buildConfigurationList = 32544F751EF07AB60040BF4E /* Build configuration list for PBXNativeTarget "WeatherApp" */;
			buildPhases = (
				CA261CAE3C6927ECF312FB5C /* [CP] Check Pods Manifest.lock */,
				32544F5F1EF07AB60040BF4E /* Sources */,
				32544F601EF07AB60040BF4E /* Frameworks */,
				32544F611EF07AB60040BF4E /* Resources */,
				8069063E534BAED99EE8C470 /* [CP] Embed Pods Frameworks */,
				88387D7D2466AFE77A5AF052 /* [CP] Copy Pods Resources */,
				32636FC51F31CED0001F0E46 /* ShellScript */,
				326782421F3358DA007CE77A /* ShellScript */,
			);
			buildRules = (
			);
			dependencies = (
			);
			name = WeatherApp;
			productName = WeatherApp;
			productReference = 32544F631EF07AB60040BF4E /* WeatherApp.app */;
			productType = "com.apple.product-type.application";
		};
/* End PBXNativeTarget section */

/* Begin PBXProject section */
		32544F5B1EF07AB60040BF4E /* Project object */ = {
			isa = PBXProject;
			attributes = {
				LastSwiftUpdateCheck = 0900;
				LastUpgradeCheck = 0900;
				ORGANIZATIONNAME = klyushkina;
				TargetAttributes = {
					32544F621EF07AB60040BF4E = {
						CreatedOnToolsVersion = 9.0;
						ProvisioningStyle = Automatic;
					};
				};
			};
			buildConfigurationList = 32544F5E1EF07AB60040BF4E /* Build configuration list for PBXProject "WeatherApp" */;
			compatibilityVersion = "Xcode 8.0";
			developmentRegion = en;
			hasScannedForEncodings = 0;
			knownRegions = (
				en,
				Base,
			);
			mainGroup = 32544F5A1EF07AB60040BF4E;
			productRefGroup = 32544F641EF07AB60040BF4E /* Products */;
			projectDirPath = "";
			projectRoot = "";
			targets = (
				32544F621EF07AB60040BF4E /* WeatherApp */,
			);
		};
/* End PBXProject section */

/* Begin PBXResourcesBuildPhase section */
		32544F611EF07AB60040BF4E /* Resources */ = {
			isa = PBXResourcesBuildPhase;
			buildActionMask = 2147483647;
			files = (
				32544F711EF07AB60040BF4E /* LaunchScreen.storyboard in Resources */,
				32544F6E1EF07AB60040BF4E /* Assets.xcassets in Resources */,
				32544F6C1EF07AB60040BF4E /* Main.storyboard in Resources */,
				323CA28F1EFA955E008EBF0D /* Slide.xib in Resources */,
			);
			runOnlyForDeploymentPostprocessing = 0;
		};
/* End PBXResourcesBuildPhase section */

/* Begin PBXShellScriptBuildPhase section */
		32636FC51F31CED0001F0E46 /* ShellScript */ = {
			isa = PBXShellScriptBuildPhase;
			buildActionMask = 2147483647;
			files = (
			);
			inputPaths = (
			);
			outputPaths = (
			);
			runOnlyForDeploymentPostprocessing = 0;
			shellPath = /bin/sh;
			shellScript = "\"${PODS_ROOT}/Fabric/run\" 874f9bbc88dfaaea1b23ef2c7bda95b5ca708348 6364b073389612ed3fe9e52ad35e517850d79ca7e0960618251e133ab3e649dd";
		};
		326782421F3358DA007CE77A /* ShellScript */ = {
			isa = PBXShellScriptBuildPhase;
			buildActionMask = 2147483647;
			files = (
			);
			inputPaths = (
			);
			outputPaths = (
			);
			runOnlyForDeploymentPostprocessing = 0;
			shellPath = /bin/sh;
			shellScript = "FILE=\"${SRCROOT}/HockeySDK-iOS/BuildAgent\"\nif [ -f \"$FILE\" ]; then\n\"$FILE\"\nfi";
		};
		8069063E534BAED99EE8C470 /* [CP] Embed Pods Frameworks */ = {
			isa = PBXShellScriptBuildPhase;
			buildActionMask = 2147483647;
			files = (
			);
			inputPaths = (
				"${SRCROOT}/Pods/Target Support Files/Pods-WeatherApp/Pods-WeatherApp-frameworks.sh",
				"${BUILT_PRODUCTS_DIR}/Alamofire/Alamofire.framework",
				"${BUILT_PRODUCTS_DIR}/SwiftyJSON/SwiftyJSON.framework",
			);
			name = "[CP] Embed Pods Frameworks";
			outputPaths = (
				"${TARGET_BUILD_DIR}/${FRAMEWORKS_FOLDER_PATH}/Alamofire.framework",
				"${TARGET_BUILD_DIR}/${FRAMEWORKS_FOLDER_PATH}/SwiftyJSON.framework",
			);
			runOnlyForDeploymentPostprocessing = 0;
			shellPath = /bin/sh;
			shellScript = "\"${SRCROOT}/Pods/Target Support Files/Pods-WeatherApp/Pods-WeatherApp-frameworks.sh\"\n";
			showEnvVarsInLog = 0;
		};
		88387D7D2466AFE77A5AF052 /* [CP] Copy Pods Resources */ = {
			isa = PBXShellScriptBuildPhase;
			buildActionMask = 2147483647;
			files = (
			);
			inputPaths = (
				"${SRCROOT}/Pods/Target Support Files/Pods-WeatherApp/Pods-WeatherApp-resources.sh",
				"$PODS_CONFIGURATION_BUILD_DIR/HockeySDK/HockeySDKResources.bundle",
			);
			name = "[CP] Copy Pods Resources";
			outputPaths = (
				"${TARGET_BUILD_DIR}/${UNLOCALIZED_RESOURCES_FOLDER_PATH}",
			);
			runOnlyForDeploymentPostprocessing = 0;
			shellPath = /bin/sh;
			shellScript = "\"${SRCROOT}/Pods/Target Support Files/Pods-WeatherApp/Pods-WeatherApp-resources.sh\"\n";
			showEnvVarsInLog = 0;
		};
		CA261CAE3C6927ECF312FB5C /* [CP] Check Pods Manifest.lock */ = {
			isa = PBXShellScriptBuildPhase;
			buildActionMask = 2147483647;
			files = (
			);
			inputPaths = (
				"${PODS_PODFILE_DIR_PATH}/Podfile.lock",
				"${PODS_ROOT}/Manifest.lock",
			);
			name = "[CP] Check Pods Manifest.lock";
			outputPaths = (
				"$(DERIVED_FILE_DIR)/Pods-WeatherApp-checkManifestLockResult.txt",
			);
			runOnlyForDeploymentPostprocessing = 0;
			shellPath = /bin/sh;
			shellScript = "diff \"${PODS_PODFILE_DIR_PATH}/Podfile.lock\" \"${PODS_ROOT}/Manifest.lock\" > /dev/null\nif [ $? != 0 ] ; then\n    # print error to STDERR\n    echo \"error: The sandbox is not in sync with the Podfile.lock. Run 'pod install' or update your CocoaPods installation.\" >&2\n    exit 1\nfi\n# This output is used by Xcode 'outputs' to avoid re-running this script phase.\necho \"SUCCESS\" > \"${SCRIPT_OUTPUT_FILE_0}\"\n";
			showEnvVarsInLog = 0;
		};
/* End PBXShellScriptBuildPhase section */

/* Begin PBXSourcesBuildPhase section */
		32544F5F1EF07AB60040BF4E /* Sources */ = {
			isa = PBXSourcesBuildPhase;
			buildActionMask = 2147483647;
			files = (
				32544F691EF07AB60040BF4E /* ViewController.swift in Sources */,
				32B84CD11EF1D1CC00BAFF55 /* WeatherDownloader.swift in Sources */,
				32544F671EF07AB60040BF4E /* AppDelegate.swift in Sources */,
				323CA2911EFA958A008EBF0D /* Slide.swift in Sources */,
				32B84CCF1EF1CB0300BAFF55 /* WeatherData.swift in Sources */,
				3224090E1F0E8C530076B990 /* Reachability.swift in Sources */,
				32B84CCD1EF1C95600BAFF55 /* Constants.swift in Sources */,
			);
			runOnlyForDeploymentPostprocessing = 0;
		};
/* End PBXSourcesBuildPhase section */

/* Begin PBXVariantGroup section */
		32544F6A1EF07AB60040BF4E /* Main.storyboard */ = {
			isa = PBXVariantGroup;
			children = (
				32544F6B1EF07AB60040BF4E /* Base */,
			);
			name = Main.storyboard;
			sourceTree = "<group>";
		};
		32544F6F1EF07AB60040BF4E /* LaunchScreen.storyboard */ = {
			isa = PBXVariantGroup;
			children = (
				32544F701EF07AB60040BF4E /* Base */,
			);
			name = LaunchScreen.storyboard;
			sourceTree = "<group>";
		};
/* End PBXVariantGroup section */

/* Begin XCBuildConfiguration section */
		32544F731EF07AB60040BF4E /* Debug */ = {
			isa = XCBuildConfiguration;
			buildSettings = {
				ALWAYS_SEARCH_USER_PATHS = NO;
				CLANG_ANALYZER_NONNULL = YES;
				CLANG_ANALYZER_NUMBER_OBJECT_CONVERSION = YES_AGGRESSIVE;
				CLANG_CXX_LANGUAGE_STANDARD = "gnu++14";
				CLANG_CXX_LIBRARY = "libc++";
				CLANG_ENABLE_MODULES = YES;
				CLANG_ENABLE_OBJC_ARC = YES;
				CLANG_WARN_BLOCK_CAPTURE_AUTORELEASING = YES;
				CLANG_WARN_BOOL_CONVERSION = YES;
				CLANG_WARN_COMMA = YES;
				CLANG_WARN_CONSTANT_CONVERSION = YES;
				CLANG_WARN_DIRECT_OBJC_ISA_USAGE = YES_ERROR;
				CLANG_WARN_DOCUMENTATION_COMMENTS = YES;
				CLANG_WARN_EMPTY_BODY = YES;
				CLANG_WARN_ENUM_CONVERSION = YES;
				CLANG_WARN_INFINITE_RECURSION = YES;
				CLANG_WARN_INT_CONVERSION = YES;
				CLANG_WARN_NON_LITERAL_NULL_CONVERSION = YES;
				CLANG_WARN_OBJC_LITERAL_CONVERSION = YES;
				CLANG_WARN_OBJC_ROOT_CLASS = YES_ERROR;
				CLANG_WARN_RANGE_LOOP_ANALYSIS = YES;
				CLANG_WARN_STRICT_PROTOTYPES = YES;
				CLANG_WARN_SUSPICIOUS_MOVE = YES;
				CLANG_WARN_UNGUARDED_AVAILABILITY = YES_AGGRESSIVE;
				CLANG_WARN_UNREACHABLE_CODE = YES;
				CLANG_WARN__DUPLICATE_METHOD_MATCH = YES;
				CODE_SIGN_IDENTITY = "iPhone Developer";
				COPY_PHASE_STRIP = NO;
				DEBUG_INFORMATION_FORMAT = dwarf;
				ENABLE_STRICT_OBJC_MSGSEND = YES;
				ENABLE_TESTABILITY = YES;
				GCC_C_LANGUAGE_STANDARD = gnu11;
				GCC_DYNAMIC_NO_PIC = NO;
				GCC_NO_COMMON_BLOCKS = YES;
				GCC_OPTIMIZATION_LEVEL = 0;
				GCC_PREPROCESSOR_DEFINITIONS = (
					"DEBUG=1",
					"$(inherited)",
				);
				GCC_WARN_64_TO_32_BIT_CONVERSION = YES;
				GCC_WARN_ABOUT_RETURN_TYPE = YES_ERROR;
				GCC_WARN_UNDECLARED_SELECTOR = YES;
				GCC_WARN_UNINITIALIZED_AUTOS = YES_AGGRESSIVE;
				GCC_WARN_UNUSED_FUNCTION = YES;
				GCC_WARN_UNUSED_VARIABLE = YES;
				IPHONEOS_DEPLOYMENT_TARGET = 9.0;
				MTL_ENABLE_DEBUG_INFO = YES;
				ONLY_ACTIVE_ARCH = YES;
				SDKROOT = iphoneos;
				SWIFT_ACTIVE_COMPILATION_CONDITIONS = DEBUG;
				SWIFT_OPTIMIZATION_LEVEL = "-Onone";
			};
			name = Debug;
		};
		32544F741EF07AB60040BF4E /* Release */ = {
			isa = XCBuildConfiguration;
			buildSettings = {
				ALWAYS_SEARCH_USER_PATHS = NO;
				CLANG_ANALYZER_NONNULL = YES;
				CLANG_ANALYZER_NUMBER_OBJECT_CONVERSION = YES_AGGRESSIVE;
				CLANG_CXX_LANGUAGE_STANDARD = "gnu++14";
				CLANG_CXX_LIBRARY = "libc++";
				CLANG_ENABLE_MODULES = YES;
				CLANG_ENABLE_OBJC_ARC = YES;
				CLANG_WARN_BLOCK_CAPTURE_AUTORELEASING = YES;
				CLANG_WARN_BOOL_CONVERSION = YES;
				CLANG_WARN_COMMA = YES;
				CLANG_WARN_CONSTANT_CONVERSION = YES;
				CLANG_WARN_DIRECT_OBJC_ISA_USAGE = YES_ERROR;
				CLANG_WARN_DOCUMENTATION_COMMENTS = YES;
				CLANG_WARN_EMPTY_BODY = YES;
				CLANG_WARN_ENUM_CONVERSION = YES;
				CLANG_WARN_INFINITE_RECURSION = YES;
				CLANG_WARN_INT_CONVERSION = YES;
				CLANG_WARN_NON_LITERAL_NULL_CONVERSION = YES;
				CLANG_WARN_OBJC_LITERAL_CONVERSION = YES;
				CLANG_WARN_OBJC_ROOT_CLASS = YES_ERROR;
				CLANG_WARN_RANGE_LOOP_ANALYSIS = YES;
				CLANG_WARN_STRICT_PROTOTYPES = YES;
				CLANG_WARN_SUSPICIOUS_MOVE = YES;
				CLANG_WARN_UNGUARDED_AVAILABILITY = YES_AGGRESSIVE;
				CLANG_WARN_UNREACHABLE_CODE = YES;
				CLANG_WARN__DUPLICATE_METHOD_MATCH = YES;
				CODE_SIGN_IDENTITY = "iPhone Developer";
				COPY_PHASE_STRIP = NO;
				DEBUG_INFORMATION_FORMAT = "dwarf-with-dsym";
				ENABLE_NS_ASSERTIONS = NO;
				ENABLE_STRICT_OBJC_MSGSEND = YES;
				GCC_C_LANGUAGE_STANDARD = gnu11;
				GCC_NO_COMMON_BLOCKS = YES;
				GCC_WARN_64_TO_32_BIT_CONVERSION = YES;
				GCC_WARN_ABOUT_RETURN_TYPE = YES_ERROR;
				GCC_WARN_UNDECLARED_SELECTOR = YES;
				GCC_WARN_UNINITIALIZED_AUTOS = YES_AGGRESSIVE;
				GCC_WARN_UNUSED_FUNCTION = YES;
				GCC_WARN_UNUSED_VARIABLE = YES;
				IPHONEOS_DEPLOYMENT_TARGET = 9.0;
				MTL_ENABLE_DEBUG_INFO = NO;
				SDKROOT = iphoneos;
				SWIFT_OPTIMIZATION_LEVEL = "-Owholemodule";
				VALIDATE_PRODUCT = YES;
			};
			name = Release;
		};
		32544F761EF07AB60040BF4E /* Debug */ = {
			isa = XCBuildConfiguration;
			baseConfigurationReference = 5ED90921A0D2F12F290CB9BB /* Pods-WeatherApp.debug.xcconfig */;
			buildSettings = {
				ASSETCATALOG_COMPILER_APPICON_NAME = AppIcon;
				"CODE_SIGN_IDENTITY[sdk=iphoneos*]" = "iPhone Developer";
				CODE_SIGN_STYLE = Automatic;
				DEBUG_INFORMATION_FORMAT = "dwarf-with-dsym";
				DEVELOPMENT_TEAM = 5P299J2CC8;
				ENABLE_BITCODE = NO;
				INFOPLIST_FILE = WeatherApp/Info.plist;
				IPHONEOS_DEPLOYMENT_TARGET = 10.0;
				LD_RUNPATH_SEARCH_PATHS = "$(inherited) @executable_path/Frameworks";
				PRODUCT_BUNDLE_IDENTIFIER = com.klyushkina.WeatherApp;
				PRODUCT_NAME = "$(TARGET_NAME)";
				PROVISIONING_PROFILE_SPECIFIER = "";
				SWIFT_VERSION = 4.0;
				TARGETED_DEVICE_FAMILY = "1,2";
			};
			name = Debug;
		};
		32544F771EF07AB60040BF4E /* Release */ = {
			isa = XCBuildConfiguration;
			baseConfigurationReference = F4CCDB033BC630807B31F5F9 /* Pods-WeatherApp.release.xcconfig */;
			buildSettings = {
				ASSETCATALOG_COMPILER_APPICON_NAME = AppIcon;
				"CODE_SIGN_IDENTITY[sdk=iphoneos*]" = "iPhone Developer";
				CODE_SIGN_STYLE = Automatic;
				DEVELOPMENT_TEAM = 5P299J2CC8;
				ENABLE_BITCODE = NO;
				ENABLE_TESTABILITY = NO;
				INFOPLIST_FILE = WeatherApp/Info.plist;
				IPHONEOS_DEPLOYMENT_TARGET = 10.0;
				LD_RUNPATH_SEARCH_PATHS = "$(inherited) @executable_path/Frameworks";
				PRODUCT_BUNDLE_IDENTIFIER = com.klyushkina.WeatherApp;
				PRODUCT_NAME = "$(TARGET_NAME)";
				PROVISIONING_PROFILE_SPECIFIER = "";
				SWIFT_VERSION = 4.0;
				TARGETED_DEVICE_FAMILY = "1,2";
			};
			name = Release;
		};
/* End XCBuildConfiguration section */

/* Begin XCConfigurationList section */
		32544F5E1EF07AB60040BF4E /* Build configuration list for PBXProject "WeatherApp" */ = {
			isa = XCConfigurationList;
			buildConfigurations = (
				32544F731EF07AB60040BF4E /* Debug */,
				32544F741EF07AB60040BF4E /* Release */,
			);
			defaultConfigurationIsVisible = 0;
			defaultConfigurationName = Release;
		};
		32544F751EF07AB60040BF4E /* Build configuration list for PBXNativeTarget "WeatherApp" */ = {
			isa = XCConfigurationList;
			buildConfigurations = (
				32544F761EF07AB60040BF4E /* Debug */,
				32544F771EF07AB60040BF4E /* Release */,
			);
			defaultConfigurationIsVisible = 0;
			defaultConfigurationName = Release;
		};
/* End XCConfigurationList section */
	};
	rootObject = 32544F5B1EF07AB60040BF4E /* Project object */;
}
